
Microsoft Visual Studio Solution File, Format Version 11.00
# Visual Studio 2010
Project("{FAE04EC0-301F-11D3-BF4B-00C04F79EFBC}") = "fluentAOP.v2", "fluentAOP.v2\fluentAOP.v2.csproj", "{15A463BB-8C27-4015-AC29-2E3E6A737A3D}"
EndProject
Project("{FAE04EC0-301F-11D3-BF4B-00C04F79EFBC}") = "fluentAOP.Core", "fluentAOP.Core\fluentAOP.Core.csproj", "{285D151C-73D3-4073-902C-39BF52DB36BD}"
EndProject
Project("{FAE04EC0-301F-11D3-BF4B-00C04F79EFBC}") = "fluentAOP.Tests", "fluentAOP.Tests\fluentAOP.Tests.csproj", "{06DF4E14-8E82-4E4E-A4C5-07A813190DA9}"
EndProject
Global
	GlobalSection(SolutionConfigurationPlatforms) = preSolution
		Debug|Any CPU = Debug|Any CPU
		Release|Any CPU = Release|Any CPU
	EndGlobalSection
	GlobalSection(ProjectConfigurationPlatforms) = postSolution
		{15A463BB-8C27-4015-AC29-2E3E6A737A3D}.Debug|Any CPU.ActiveCfg = Debug|Any CPU
		{15A463BB-8C27-4015-AC29-2E3E6A737A3D}.Debug|Any CPU.Build.0 = Debug|Any CPU
		{15A463BB-8C27-4015-AC29-2E3E6A737A3D}.Release|Any CPU.ActiveCfg = Release|Any CPU
		{15A463BB-8C27-4015-AC29-2E3E6A737A3D}.Release|Any CPU.Build.0 = Release|Any CPU
		{285D151C-73D3-4073-902C-39BF52DB36BD}.Debug|Any CPU.ActiveCfg = Debug|Any CPU
		{285D151C-73D3-4073-902C-39BF52DB36BD}.Debug|Any CPU.Build.0 = Debug|Any CPU
		{285D151C-73D3-4073-902C-39BF52DB36BD}.Release|Any CPU.ActiveCfg = Release|Any CPU
		{285D151C-73D3-4073-902C-39BF52DB36BD}.Release|Any CPU.Build.0 = Release|Any CPU
		{06DF4E14-8E82-4E4E-A4C5-07A813190DA9}.Debug|Any CPU.ActiveCfg = Debug|Any CPU
		{06DF4E14-8E82-4E4E-A4C5-07A813190DA9}.Debug|Any CPU.Build.0 = Debug|Any CPU
		{06DF4E14-8E82-4E4E-A4C5-07A813190DA9}.Release|Any CPU.ActiveCfg = Release|Any CPU
		{06DF4E14-8E82-4E4E-A4C5-07A813190DA9}.Release|Any CPU.Build.0 = Release|Any CPU
	EndGlobalSection
	GlobalSection(SolutionProperties) = preSolution
		HideSolutionNode = FALSE
	EndGlobalSection
EndGlobal
